<?xml version="1.0" encoding="utf-8"?>
<Project ToolsVersion="4.0" xmlns="http://schemas.microsoft.com/developer/msbuild/2003">
  <ItemGroup>
    <Filter Include="Source Files">
      <UniqueIdentifier>{4FC737F1-C7A5-4376-A066-2A32D752A2FF}</UniqueIdentifier>
      <Extensions>cpp;c;cc;cxx;def;odl;idl;hpj;bat;asm;asmx</Extensions>
    </Filter>
    <Filter Include="Header Files">
      <UniqueIdentifier>{93995380-89BD-4b04-88EB-625FBE52EBFB}</UniqueIdentifier>
      <Extensions>h;hh;hpp;hxx;hm;inl;inc;ipp;xsd</Extensions>
    </Filter>
    <Filter Include="Resource Files">
      <UniqueIdentifier>{67DA6AB6-F800-4c08-8B7A-83BB121AAD01}</UniqueIdentifier>
      <Extensions>rc;ico;cur;bmp;dlg;rc2;rct;bin;rgs;gif;jpg;jpeg;jpe;resx;tiff;tif;png;wav;mfcribbon-ms</Extensions>
    </Filter>
    <Filter Include="Resource Files\shaders">
      <UniqueIdentifier>{9c4b4a44-902a-4f53-b838-fe8146a4c17c}</UniqueIdentifier>
    </Filter>
    <Filter Include="Resource Files\shaders\test">
      <UniqueIdentifier>{7244f9b8-4996-4f55-83be-91ebbc4ef32d}</UniqueIdentifier>
    </Filter>
    <Filter Include="Resource Files\shaders\postprocess_test">
      <UniqueIdentifier>{3edc77e7-2d63-4d91-819b-13587b0566a9}</UniqueIdentifier>
    </Filter>
    <Filter Include="Resource Files\shaders\particle_basic">
      <UniqueIdentifier>{d00d84fa-1e6c-4f23-8db2-b413e84b40d3}</UniqueIdentifier>
    </Filter>
    <Filter Include="Resource Files\shaders\lightpass">
      <UniqueIdentifier>{21170f90-6ecc-48bd-b2ed-3aed3b7d59ca}</UniqueIdentifier>
    </Filter>
    <Filter Include="Resource Files\shaders\depth">
      <UniqueIdentifier>{e94bc9aa-44df-4d4f-852e-159c6ec61c86}</UniqueIdentifier>
    </Filter>
    <Filter Include="Resource Files\shaders\lightassign">
      <UniqueIdentifier>{09c1f5b6-4936-4e70-b0c8-1578a2ee82ee}</UniqueIdentifier>
    </Filter>
    <Filter Include="Resource Files\shaders\procedural_sky">
      <UniqueIdentifier>{9e784eb2-36ca-4ea0-b138-96641c324a78}</UniqueIdentifier>
    </Filter>
    <Filter Include="Resource Files\shaders\standard">
      <UniqueIdentifier>{e514b9a2-17a2-4931-9603-e096849f5921}</UniqueIdentifier>
    </Filter>
  </ItemGroup>
  <ItemGroup>
    <ClCompile Include="main.cpp">
      <Filter>Source Files</Filter>
    </ClCompile>
  </ItemGroup>
  <ItemGroup>
    <None Include="res\shaders\particle_basic\fs.glsl">
      <Filter>Resource Files\shaders\particle_basic</Filter>
    </None>
    <None Include="res\shaders\particle_basic\gs.glsl">
      <Filter>Resource Files\shaders\particle_basic</Filter>
    </None>
    <None Include="res\shaders\particle_basic\vs.glsl">
      <Filter>Resource Files\shaders\particle_basic</Filter>
    </None>
    <None Include="res\shaders\postprocess_test\fs.glsl">
      <Filter>Resource Files\shaders\postprocess_test</Filter>
    </None>
    <None Include="res\shaders\postprocess_test\vs.glsl">
      <Filter>Resource Files\shaders\postprocess_test</Filter>
    </None>
    <None Include="res\shaders\test\fs.glsl">
      <Filter>Resource Files\shaders\test</Filter>
    </None>
    <None Include="res\shaders\test\vs.glsl">
      <Filter>Resource Files\shaders\test</Filter>
    </None>
    <None Include="res\shaders\lightpass\fs.glsl">
      <Filter>Resource Files\shaders\lightpass</Filter>
    </None>
    <None Include="res\shaders\lightpass\vs.glsl">
      <Filter>Resource Files\shaders\lightpass</Filter>
    </None>
    <None Include="res\shaders\depth\fs.glsl">
      <Filter>Resource Files\shaders\depth</Filter>
    </None>
    <None Include="res\shaders\depth\vs.glsl">
      <Filter>Resource Files\shaders\depth</Filter>
    </None>
    <None Include="res\shaders\lightassign\cs.glsl">
      <Filter>Resource Files\shaders\lightassign</Filter>
    </None>
    <None Include="res\shaders\procedural_sky\fs.glsl">
      <Filter>Resource Files\shaders\procedural_sky</Filter>
    </None>
    <None Include="res\shaders\procedural_sky\vs.glsl">
      <Filter>Resource Files\shaders\procedural_sky</Filter>
    </None>
    <None Include="res\shaders\standard\fs.glsl">
      <Filter>Resource Files\shaders\standard</Filter>
    </None>
    <None Include="res\shaders\standard\vs.glsl">
      <Filter>Resource Files\shaders\standard</Filter>
    </None>
  </ItemGroup>
</Project>